PODS:
  - Analytics (3.0.7)
  - Bolts (1.6.0):
    - Bolts/AppLinks (= 1.6.0)
    - Bolts/Tasks (= 1.6.0)
  - Bolts/AppLinks (1.6.0):
    - Bolts/Tasks
  - Bolts/Tasks (1.6.0)
  - Crashlytics (3.7.0):
    - Fabric (~> 1.6.3)
  - DateTools (1.6.1)
  - Fabric (1.6.6)
  - FBSDKCoreKit (4.10.1):
    - Bolts (~> 1.5)
  - FBSDKLoginKit (4.10.0):
    - FBSDKCoreKit
  - FBSnapshotTestCase (1.8.1)
  - GoogleAnalytics (3.14.0)
  - GoogleAppUtilities (1.0.0):
    - GoogleSymbolUtilities (~> 1.0)
  - GoogleAuthUtilities (1.0.1):
    - GoogleNetworkingUtilities (~> 1.0)
    - GoogleSymbolUtilities (~> 1.0)
  - GoogleIDFASupport (3.14.0)
  - GoogleNetworkingUtilities (1.0.0):
    - GoogleSymbolUtilities (~> 1.0)
  - GoogleSignIn (2.4.0):
    - GoogleAppUtilities (~> 1.0)
    - GoogleAuthUtilities (~> 1.0)
    - GoogleNetworkingUtilities (~> 1.0)
    - GoogleUtilities (~> 1.0)
  - GoogleSymbolUtilities (1.0.3)
  - GoogleUtilities (1.1.0):
    - GoogleSymbolUtilities (~> 1.0.0)
  - Masonry (0.6.4)
  - NewRelicAgent (4.186.1)
  - OCMock (3.2.2)
  - OHHTTPStubs (4.7.1):
    - OHHTTPStubs/Default (= 4.7.1)
  - OHHTTPStubs/Core (4.7.1)
  - OHHTTPStubs/Default (4.7.1):
    - OHHTTPStubs/Core
    - OHHTTPStubs/JSON
    - OHHTTPStubs/NSURLSession
    - OHHTTPStubs/OHPathHelpers
  - OHHTTPStubs/JSON (4.7.1):
    - OHHTTPStubs/Core
  - OHHTTPStubs/NSURLSession (4.7.1):
    - OHHTTPStubs/Core
  - OHHTTPStubs/OHPathHelpers (4.7.1)
  - Parse (1.12.0):
    - Bolts/Tasks (~> 1.5)
  - Segment-GoogleAnalytics (1.0.1):
    - Analytics (~> 3.0.0)
    - GoogleAnalytics (~> 3.14)
    - GoogleIDFASupport (~> 3.14)
  - Smartling.i18n (1.0.11)

DEPENDENCIES:
  - Analytics (~> 3.0.0)
  - Crashlytics (~> 3.2)
  - DateTools (~> 1.6.1)
  - Fabric (~> 1.5)
  - FBSDKCoreKit (~> 4.6)
  - FBSDKLoginKit (~> 4.6)
  - FBSnapshotTestCase (~> 1.8.1)
  - GoogleSignIn (~> 2.4)
  - Masonry (~> 0.6)
  - NewRelicAgent (~> 4.1)
  - OCMock (~> 3.1)
  - OHHTTPStubs (~> 4.0)
  - Parse (~> 1.7)
  - Segment-GoogleAnalytics (~> 1.0.0)
  - Smartling.i18n (~> 1.0)

SPEC CHECKSUMS:
  Analytics: b342fb4f43fa4f97ca6f4358b44d3295217ba294
  Bolts: f52a250053bb517ca874523c3913776359ab3def
  Crashlytics: c3a2333dea9e2733d2777f730910321fc9e25c0d
  DateTools: 9bcc89e4f2f9004d8a7a2bd1b49269cf78968e65
  Fabric: 1abc1e59f11fa39ede6f690ef7309d8563e3ec59
  FBSDKCoreKit: 13bec8373fb3af94d44daf2aa1e0958687897fbd
  FBSDKLoginKit: d3d4a2e9d31954deb00bfea964167a05ca1ea976
  FBSnapshotTestCase: 3dc3899168747a0319c5278f5b3445c13a6532dd
  GoogleAnalytics: 9be1afdb8deeac4bb5f13ca7f7d3b9db2a1f43dc
  GoogleAppUtilities: c01c6a5671e9da8b9d690fdaec5959d6c2aac699
  GoogleAuthUtilities: 049ffd3a297cdffd271451b82fd4e75304f15ef3
  GoogleIDFASupport: aaf8c10bd429abb1c15349d5252244f5eda8ead1
  GoogleNetworkingUtilities: 292992ab31b7b4ba32809a0e8b40e324cdfb2c0c
  GoogleSignIn: 79929b51e6299c69f1197bbd9c7a1367d523ecd8
  GoogleSymbolUtilities: 82ad9f93d3615244b3f4ce440f5ab2515e8b4f56
  GoogleUtilities: 8ed9134debe11719097881711464752900668f10
  Masonry: 281802d04d787ea2973179ee8bcb50500579ede2
  NewRelicAgent: 5cd52dafe03e74c5066073a00fd500df9d966e7e
  OCMock: 18c9b7e67d4c2770e95bb77a9cc1ae0c91fe3835
  OHHTTPStubs: f7d1604d04d37d055460c0ef9af01bb249ded0fa
  Parse: de2c52a9a1421b91ae7594ab8ce191afd184f19b
  Segment-GoogleAnalytics: ffea73c99196720b28b58ea93bcc0e6d11f172e1
  Smartling.i18n: 9d24e105ae674678e1ae4d1c78bcabf524f0636b

COCOAPODS: 0.39.0
