PODS:
  - Analytics (3.6.10)
  - Branch (0.28.1):
    - Branch/Core (= 0.28.1)
  - Branch/Core (0.28.1)
  - DateTools (1.6.1)
  - FBSDKCoreKit (5.5.0):
    - FBSDKCoreKit/Basics (= 5.5.0)
    - FBSDKCoreKit/Core (= 5.5.0)
  - FBSDKCoreKit/Basics (5.5.0)
  - FBSDKCoreKit/Core (5.5.0):
    - FBSDKCoreKit/Basics
  - FBSDKLoginKit (5.5.0):
    - FBSDKCoreKit (~> 5.0)
  - Firebase/Analytics (6.21.0):
    - Firebase/Core
  - Firebase/Core (6.21.0):
    - Firebase/CoreOnly
    - FirebaseAnalytics (= 6.4.0)
  - Firebase/CoreOnly (6.21.0):
    - FirebaseCore (= 6.6.5)
  - Firebase/Crashlytics (6.21.0):
    - Firebase/CoreOnly
    - FirebaseCrashlytics (~> 4.0.0-beta.6)
  - Firebase/InAppMessaging (6.21.0):
    - Firebase/CoreOnly
    - FirebaseInAppMessaging (~> 0.19.1)
  - Firebase/Messaging (6.21.0):
    - Firebase/CoreOnly
    - FirebaseMessaging (~> 4.3.0)
  - Firebase/Performance (6.21.0):
    - Firebase/CoreOnly
    - FirebasePerformance (~> 3.1.11)
  - FirebaseABTesting (3.2.0):
    - FirebaseAnalyticsInterop (~> 1.3)
    - FirebaseCore (~> 6.1)
    - Protobuf (>= 3.9.2, ~> 3.9)
  - FirebaseAnalytics (6.4.0):
    - FirebaseCore (~> 6.6)
    - FirebaseInstallations (~> 1.1)
    - GoogleAppMeasurement (= 6.4.0)
    - GoogleUtilities/AppDelegateSwizzler (~> 6.0)
    - GoogleUtilities/MethodSwizzler (~> 6.0)
    - GoogleUtilities/Network (~> 6.0)
    - "GoogleUtilities/NSData+zlib (~> 6.0)"
    - nanopb (= 0.3.9011)
  - FirebaseAnalyticsInterop (1.5.0)
  - FirebaseCore (6.6.5):
    - FirebaseCoreDiagnostics (~> 1.2)
    - FirebaseCoreDiagnosticsInterop (~> 1.2)
    - GoogleUtilities/Environment (~> 6.5)
    - GoogleUtilities/Logger (~> 6.5)
  - FirebaseCoreDiagnostics (1.2.2):
    - FirebaseCoreDiagnosticsInterop (~> 1.2)
    - GoogleDataTransportCCTSupport (~> 2.0)
    - GoogleUtilities/Environment (~> 6.5)
    - GoogleUtilities/Logger (~> 6.5)
    - nanopb (~> 0.3.901)
  - FirebaseCoreDiagnosticsInterop (1.2.0)
  - FirebaseCrashlytics (4.0.0-beta.6):
    - FirebaseAnalyticsInterop (~> 1.2)
    - FirebaseCore (~> 6.6)
    - FirebaseInstallations (~> 1.1)
    - GoogleDataTransport (~> 5.1)
    - GoogleDataTransportCCTSupport (>= 2.0.1, ~> 2.0)
    - nanopb (~> 0.3.901)
    - PromisesObjC (~> 1.2)
  - FirebaseInAppMessaging (0.19.1):
    - FirebaseABTesting (~> 3.2)
    - FirebaseAnalyticsInterop (~> 1.3)
    - FirebaseCore (~> 6.2)
    - FirebaseInstallations (~> 1.1)
    - GoogleDataTransportCCTSupport (~> 2.0)
  - FirebaseInstallations (1.1.1):
    - FirebaseCore (~> 6.6)
    - GoogleUtilities/UserDefaults (~> 6.5)
    - PromisesObjC (~> 1.2)
  - FirebaseInstanceID (4.3.2):
    - FirebaseCore (~> 6.6)
    - FirebaseInstallations (~> 1.0)
    - GoogleUtilities/Environment (~> 6.5)
    - GoogleUtilities/UserDefaults (~> 6.5)
  - FirebaseMessaging (4.3.0):
    - FirebaseAnalyticsInterop (~> 1.5)
    - FirebaseCore (~> 6.6)
    - FirebaseInstanceID (~> 4.3)
    - GoogleUtilities/AppDelegateSwizzler (~> 6.5)
    - GoogleUtilities/Environment (~> 6.5)
    - GoogleUtilities/Reachability (~> 6.5)
    - GoogleUtilities/UserDefaults (~> 6.5)
    - Protobuf (>= 3.9.2, ~> 3.9)
  - FirebasePerformance (3.1.11):
    - FirebaseCore (~> 6.6)
    - FirebaseInstallations (~> 1.1)
    - FirebaseRemoteConfig (~> 4.4)
    - GoogleToolboxForMac/Logger (~> 2.1)
    - "GoogleToolboxForMac/NSData+zlib (~> 2.1)"
    - GoogleUtilities/Environment (~> 6.2)
    - GoogleUtilities/ISASwizzler (~> 6.2)
    - GoogleUtilities/MethodSwizzler (~> 6.2)
    - GTMSessionFetcher/Core (~> 1.1)
    - Protobuf (~> 3.9)
  - FirebaseRemoteConfig (4.4.9):
    - FirebaseABTesting (~> 3.1)
    - FirebaseAnalyticsInterop (~> 1.4)
    - FirebaseCore (~> 6.2)
    - FirebaseInstanceID (~> 4.2)
    - GoogleUtilities/Environment (~> 6.2)
    - "GoogleUtilities/NSData+zlib (~> 6.2)"
    - Protobuf (>= 3.9.2, ~> 3.9)
  - GoogleAnalytics (3.17.0)
  - GoogleAppMeasurement (6.4.0):
    - GoogleUtilities/AppDelegateSwizzler (~> 6.0)
    - GoogleUtilities/MethodSwizzler (~> 6.0)
    - GoogleUtilities/Network (~> 6.0)
    - "GoogleUtilities/NSData+zlib (~> 6.0)"
    - nanopb (= 0.3.9011)
  - GoogleDataTransport (5.1.0)
  - GoogleDataTransportCCTSupport (2.0.1):
    - GoogleDataTransport (~> 5.1)
    - nanopb (~> 0.3.901)
  - GoogleIDFASupport (3.14.0)
  - GoogleSignIn (4.4.0):
    - "GoogleToolboxForMac/NSDictionary+URLArguments (~> 2.1)"
    - "GoogleToolboxForMac/NSString+URLArguments (~> 2.1)"
    - GTMSessionFetcher/Core (~> 1.1)
  - GoogleToolboxForMac/DebugUtils (2.2.2):
    - GoogleToolboxForMac/Defines (= 2.2.2)
  - GoogleToolboxForMac/Defines (2.2.2)
  - GoogleToolboxForMac/Logger (2.2.2):
    - GoogleToolboxForMac/Defines (= 2.2.2)
  - "GoogleToolboxForMac/NSData+zlib (2.2.2)":
    - GoogleToolboxForMac/Defines (= 2.2.2)
  - "GoogleToolboxForMac/NSDictionary+URLArguments (2.2.2)":
    - GoogleToolboxForMac/DebugUtils (= 2.2.2)
    - GoogleToolboxForMac/Defines (= 2.2.2)
    - "GoogleToolboxForMac/NSString+URLArguments (= 2.2.2)"
  - "GoogleToolboxForMac/NSString+URLArguments (2.2.2)"
  - GoogleUtilities/AppDelegateSwizzler (6.5.2):
    - GoogleUtilities/Environment
    - GoogleUtilities/Logger
    - GoogleUtilities/Network
  - GoogleUtilities/Environment (6.5.2)
  - GoogleUtilities/ISASwizzler (6.5.2)
  - GoogleUtilities/Logger (6.5.2):
    - GoogleUtilities/Environment
  - GoogleUtilities/MethodSwizzler (6.5.2):
    - GoogleUtilities/Logger
  - GoogleUtilities/Network (6.5.2):
    - GoogleUtilities/Logger
    - "GoogleUtilities/NSData+zlib"
    - GoogleUtilities/Reachability
  - "GoogleUtilities/NSData+zlib (6.5.2)"
  - GoogleUtilities/Reachability (6.5.2):
    - GoogleUtilities/Logger
  - GoogleUtilities/UserDefaults (6.5.2):
    - GoogleUtilities/Logger
  - GTMSessionFetcher/Core (1.3.1)
  - iOSSnapshotTestCase (5.0.2):
    - iOSSnapshotTestCase/SwiftSupport (= 5.0.2)
  - iOSSnapshotTestCase/Core (5.0.2)
  - iOSSnapshotTestCase/SwiftSupport (5.0.2):
    - iOSSnapshotTestCase/Core
  - Masonry (0.6.4)
  - nanopb (0.3.9011):
    - nanopb/decode (= 0.3.9011)
    - nanopb/encode (= 0.3.9011)
  - nanopb/decode (0.3.9011)
  - nanopb/encode (0.3.9011)
  - NewRelicAgent (4.186.1)
  - OHHTTPStubs (4.8.0):
    - OHHTTPStubs/Default (= 4.8.0)
  - OHHTTPStubs/Core (4.8.0)
  - OHHTTPStubs/Default (4.8.0):
    - OHHTTPStubs/Core
    - OHHTTPStubs/JSON
    - OHHTTPStubs/NSURLSession
    - OHHTTPStubs/OHPathHelpers
  - OHHTTPStubs/JSON (4.8.0):
    - OHHTTPStubs/Core
  - OHHTTPStubs/NSURLSession (4.8.0):
    - OHHTTPStubs/Core
  - OHHTTPStubs/OHPathHelpers (4.8.0)
  - PromisesObjC (1.2.8)
  - Protobuf (3.11.4)
  - Segment-Firebase (2.6.0):
    - Analytics (~> 3.2)
    - Firebase/Core (~> 6.2)
    - FirebaseAnalytics (~> 6.1)
    - Segment-Firebase/Core (= 2.6.0)
  - Segment-Firebase/Core (2.6.0):
    - Analytics (~> 3.2)
    - Firebase/Core (~> 6.2)
    - FirebaseAnalytics (~> 6.1)
  - Segment-GoogleAnalytics (1.2.0):
    - Analytics (~> 3.0)
    - Segment-GoogleAnalytics/GoogleIDFASupport (= 1.2.0)
  - Segment-GoogleAnalytics/Core (1.2.0):
    - Analytics (~> 3.0)
    - GoogleAnalytics (~> 3.14)
  - Segment-GoogleAnalytics/GoogleIDFASupport (1.2.0):
    - Analytics (~> 3.0)
    - GoogleIDFASupport (~> 3.14)
    - Segment-GoogleAnalytics/Core
  - Smartling.i18n (1.0.14)
  - YoutubePlayer-in-WKWebView (0.3.4)

DEPENDENCIES:
  - Analytics (~> 3.6.10)
  - Branch (= 0.28.1)
  - DateTools (~> 1.6.1)
  - FBSDKCoreKit (= 5.5.0)
  - FBSDKLoginKit (= 5.5.0)
  - Firebase/Analytics (= 6.21.0)
  - Firebase/Core (~> 6.2)
  - Firebase/Crashlytics (= 6.21.0)
  - Firebase/InAppMessaging (= 6.21.0)
  - Firebase/Messaging (= 6.21.0)
  - Firebase/Performance (= 6.21.0)
  - GoogleSignIn (~> 4.4.0)
  - iOSSnapshotTestCase (= 5.0.2)
  - Masonry (~> 0.6)
  - NewRelicAgent (~> 4.1)
  - OHHTTPStubs (~> 4.0)
  - Segment-Firebase (= 2.6.0)
  - Segment-GoogleAnalytics (~> 1.2.0)
  - Smartling.i18n (~> 1.0)
  - YoutubePlayer-in-WKWebView (~> 0.3.0)

SPEC REPOS:
  https://github.com/cocoapods/specs.git:
    - Analytics
    - Branch
    - DateTools
    - FBSDKCoreKit
    - FBSDKLoginKit
    - Firebase
    - FirebaseABTesting
    - FirebaseAnalytics
    - FirebaseAnalyticsInterop
    - FirebaseCore
    - FirebaseCoreDiagnostics
    - FirebaseCoreDiagnosticsInterop
    - FirebaseCrashlytics
    - FirebaseInAppMessaging
    - FirebaseInstallations
    - FirebaseInstanceID
    - FirebaseMessaging
    - FirebasePerformance
    - FirebaseRemoteConfig
    - GoogleAnalytics
    - GoogleAppMeasurement
    - GoogleDataTransport
    - GoogleDataTransportCCTSupport
    - GoogleIDFASupport
    - GoogleSignIn
    - GoogleToolboxForMac
    - GoogleUtilities
    - GTMSessionFetcher
    - iOSSnapshotTestCase
    - Masonry
    - nanopb
    - NewRelicAgent
    - OHHTTPStubs
    - PromisesObjC
    - Protobuf
    - Segment-Firebase
    - Segment-GoogleAnalytics
    - Smartling.i18n
    - YoutubePlayer-in-WKWebView

SPEC CHECKSUMS:
  Analytics: 63744ad4afa65c3bcdcdb7a94b62515bde5b3900
  Branch: edf6cab0cecb437d6a6abba3a25d0a0fa6f277ec
  DateTools: 9bcc89e4f2f9004d8a7a2bd1b49269cf78968e65
  FBSDKCoreKit: 7ade9cfea30eef2f6cf105a1aa904f89ea68fb7d
  FBSDKLoginKit: bb28062f24e79590c44ba03297ca9bea4b6436d2
  Firebase: f378c80340dd41c0ad0914af740c021eb282a04b
  FirebaseABTesting: 821a3a3e4a145987e80fee3657c4de1cb9adf693
  FirebaseAnalytics: a1a0b3327ceb5cd5b4bacffdb293f6c909aa087d
  FirebaseAnalyticsInterop: 3f86269c38ae41f47afeb43ebf32a001f58fcdae
  FirebaseCore: 9f495d3afacb7b558711e6218ebb14b1c51b5802
  FirebaseCoreDiagnostics: e9b4cd8ba60dee0f2d13347332e4b7898cca5b61
  FirebaseCoreDiagnosticsInterop: 296e2c5f5314500a850ad0b83e9e7c10b011a850
  FirebaseCrashlytics: b9e729da8b80d9c45f234f791a73b5fe647d4c31
  FirebaseInAppMessaging: 297660b3706fdb1ec86c11abd0597ca3ae578b5d
  FirebaseInstallations: acb3216eb9784d3b1d2d2d635ff74fa892cc0c44
  FirebaseInstanceID: 7ee0d6777013bb952f377b41965bf132b6a075be
  FirebaseMessaging: 4ec33842d36b3319e062e51fb8b35a74f726950d
  FirebasePerformance: 5652d2004001e886da6dca04f478c695f87c4702
  FirebaseRemoteConfig: 47abf7a04a9082091955ea555aa79cfdd249b19c
  GoogleAnalytics: f42cc53a87a51fe94334821868d9c8481ff47a7b
  GoogleAppMeasurement: 6e68a94d0eaeb1d73ef6b0ed4f7334e29d63ae29
  GoogleDataTransport: b29a21d813e906014ca16c00897827e40e4a24ab
  GoogleDataTransportCCTSupport: 6f15a89b0ca35d6fa523e1f752ef818588885988
  GoogleIDFASupport: aaf8c10bd429abb1c15349d5252244f5eda8ead1
  GoogleSignIn: 7ff245e1a7b26d379099d3243a562f5747e23d39
  GoogleToolboxForMac: 800648f8b3127618c1b59c7f97684427630c5ea3
  GoogleUtilities: ad0f3b691c67909d03a3327cc205222ab8f42e0e
  GTMSessionFetcher: cea130bbfe5a7edc8d06d3f0d17288c32ffe9925
  iOSSnapshotTestCase: 2d51aa06775e95cecb0a1fb9c5c159ccd1dd4596
  Masonry: 281802d04d787ea2973179ee8bcb50500579ede2
  nanopb: 18003b5e52dab79db540fe93fe9579f399bd1ccd
  NewRelicAgent: 5cd52dafe03e74c5066073a00fd500df9d966e7e
  OHHTTPStubs: b393565822317305b87a1440d4c7aff131679f66
  PromisesObjC: c119f3cd559f50b7ae681fa59dc1acd19173b7e6
  Protobuf: 176220c526ad8bd09ab1fb40a978eac3fef665f7
  Segment-Firebase: 0eed2062280020a418957d991c8c12588fea5c14
  Segment-GoogleAnalytics: b5070619ad337eb09c4b01c52c3d0d90495307cf
  Smartling.i18n: 0d508b89a2a12f0e070e6369e4dcdcf46ae2d59f
  YoutubePlayer-in-WKWebView: af2f5929fc78882d94bfdfeea999b661b78d9717

PODFILE CHECKSUM: 4e04f1496a83e7b043f6c6270d66b0a415f7d0e4

COCOAPODS: 1.5.3
